
Microsoft Visual Studio Solution File, Format Version 12.00
# Visual Studio Version 17
VisualStudioVersion = 17.4.33103.184
MinimumVisualStudioVersion = 10.0.40219.1
Project("{FAE04EC0-301F-11D3-BF4B-00C04F79EFBC}") = "Contributers.API", "Contributers.API\Contributers.API.csproj", "{95767899-34C2-410A-8395-15EA3FC35308}"
EndProject
Global
	GlobalSection(SolutionConfigurationPlatforms) = preSolution
		Debug|Any CPU = Debug|Any CPU
		Release|Any CPU = Release|Any CPU
	EndGlobalSection
	GlobalSection(ProjectConfigurationPlatforms) = postSolution
		{95767899-34C2-410A-8395-15EA3FC35308}.Debug|Any CPU.ActiveCfg = Debug|Any CPU
		{95767899-34C2-410A-8395-15EA3FC35308}.Debug|Any CPU.Build.0 = Debug|Any CPU
		{95767899-34C2-410A-8395-15EA3FC35308}.Release|Any CPU.ActiveCfg = Release|Any CPU
		{95767899-34C2-410A-8395-15EA3FC35308}.Release|Any CPU.Build.0 = Release|Any CPU
	EndGlobalSection
	GlobalSection(SolutionProperties) = preSolution
		HideSolutionNode = FALSE
	EndGlobalSection
	GlobalSection(ExtensibilityGlobals) = postSolution
		SolutionGuid = {98019825-BB39-47D5-9BE4-B65B35C7FACE}
	EndGlobalSection
EndGlobal
